
Microsoft Visual Studio Solution File, Format Version 12.00
# Visual Studio Version 16
VisualStudioVersion = 16.0.30711.63
MinimumVisualStudioVersion = 10.0.40219.1
Project("{FAE04EC0-301F-11D3-BF4B-00C04F79EFBC}") = "WebApplication1", "WebApplication1.csproj", "{EF1D8228-AB43-4924-99A6-BBD66722E79C}"
EndProject
Global
	GlobalSection(SolutionConfigurationPlatforms) = preSolution
		Debug|Any CPU = Debug|Any CPU
		Release|Any CPU = Release|Any CPU
	EndGlobalSection
	GlobalSection(ProjectConfigurationPlatforms) = postSolution
		{EF1D8228-AB43-4924-99A6-BBD66722E79C}.Debug|Any CPU.ActiveCfg = Debug|Any CPU
		{EF1D8228-AB43-4924-99A6-BBD66722E79C}.Debug|Any CPU.Build.0 = Debug|Any CPU
		{EF1D8228-AB43-4924-99A6-BBD66722E79C}.Release|Any CPU.ActiveCfg = Release|Any CPU
		{EF1D8228-AB43-4924-99A6-BBD66722E79C}.Release|Any CPU.Build.0 = Release|Any CPU
	EndGlobalSection
	GlobalSection(SolutionProperties) = preSolution
		HideSolutionNode = FALSE
	EndGlobalSection
	GlobalSection(ExtensibilityGlobals) = postSolution
		SolutionGuid = {876BF881-96BA-4A7E-9B2D-1BA9F395E1F1}
	EndGlobalSection
EndGlobal
